#MicroXplorer Configuration settings - do not modify
File.Version=6
ProjectManager.ProjectName=TinyML_Analyzer
ProjectManager.ToolChain=STM32CubeIDE
ProjectManager.TargetToolchain=STM32CubeIDE
ProjectManager.DeviceId=STM32L475VGTx
ProjectManager.Board=Custom
ProjectManager.CustomerFirmwarePackage=STM32Cube FW_L4 V1.18.0
Mcu.Family=STM32L4
Mcu.IP0=RCC
Mcu.IP1=SYS
Mcu.IPNb=2
Mcu.Name=STM32L475VGTx
Mcu.Package=LQFP100
Mcu.Pin0=PH0-OSC_IN
Mcu.Pin1=PH1-OSC_OUT
Mcu.Pin2=VP_SYS_VS_Systick
Mcu.PinsNb=3
RCC.HSE_VALUE=8000000
RCC.MCO1_SOURCE=RCC_MCO1SOURCE_NOCLOCK
RCC.RTCClockSelection=RCC_RTCCLKSOURCE_LSE
VP_SYS_VS_Systick.Mode=SysTick
VP_SYS_VS_Systick.Signal=SYS_VS_Systick
